<Solution>
  <Folder Name="/Modules/">
    <Project Path="WBand.Modules.FileModule/WBand.Modules.FileModule.csproj" />
    <Project Path="WBand.Modules.BandModule/WBand.Modules.BandModule.csproj" />
    <Project Path="WBand.Modules.UserModule/WBand.Modules.UserModule.csproj" />
  </Folder>
  <Folder Name="/App/">
    <Project Path="App/WBand.AgentPlayer/WBand.AgentPlayer.csproj">
      <Build Solution="Debug|*" Project="false" />
    </Project>
    <Project Path="App/WBand.WebAPI/WBand.WebAPI.csproj" />
    <Project Path="App/web/" Type="Website" DisplayName="web">
      <BuildType Project="Debug" />
      <Build Solution="Debug|*" Project="false" />
    </Project>
  </Folder>
  <Folder Name="/Common/">
    <Project Path="BandEvents/BandEvents.csproj" />
    <Project Path="Common/Auth/Auth.csproj" />
    <Project Path="Common/Shared/Shared.csproj" />
    <Project Path="Common/WBand.ServiceDefaults/WBand.ServiceDefaults.csproj" />
  </Folder>
  <Folder Name="/Tests/">
    <Project Path="Tests/WBand.Architecture.Tests/WBand.Architecture.Tests.csproj" />
  </Folder>
  <Folder Name="/Элементы решения/">
    <File Path="AGENTS.md" />
    <File Path="DEVELOPMENT_PLAN.md" />
    <File Path="README.md" />
    <File Path="WBAND_SYSTEM_SPEC_v1.md" />
  </Folder>
</Solution>
